PODS:
  - Realm (5.3.1):
    - Realm/Headers (= 5.3.1)
  - Realm/Headers (5.3.1)
  - RealmSwift (5.3.1):
    - Realm (= 5.3.1)

DEPENDENCIES:
  - RealmSwift

SPEC REPOS:
  trunk:
    - Realm
    - RealmSwift

SPEC CHECKSUMS:
  Realm: 8ec860dc0c3079f7cab1085d95661a06f162d487
  RealmSwift: ca9d0df752157befb8c28034301f988a56ce91eb

PODFILE CHECKSUM: 4392c4f2af2952ad2a24fac55f530c6b335154f0

COCOAPODS: 1.9.3
